// !$*UTF8*$!
{
	archiveVersion = 1;
	classes = {
	};
	objectVersion = 50;
	objects = {

/* Begin PBXBuildFile section */
		62015CB723EF04C200673EBB /* TopicCellViewModel.swift in Sources */ = {isa = PBXBuildFile; fileRef = 62015CB623EF04C200673EBB /* TopicCellViewModel.swift */; };
		62015CBA23EF084C00673EBB /* TopicCell.swift in Sources */ = {isa = PBXBuildFile; fileRef = 62015CB823EF084C00673EBB /* TopicCell.swift */; };
		62015CBB23EF084C00673EBB /* TopicCell.xib in Resources */ = {isa = PBXBuildFile; fileRef = 62015CB923EF084C00673EBB /* TopicCell.xib */; };
		62015CBD23EF0C6700673EBB /* TopicsCoordinator.swift in Sources */ = {isa = PBXBuildFile; fileRef = 62015CBC23EF0C6700673EBB /* TopicsCoordinator.swift */; };
		62015CC023EF0F8100673EBB /* TopicDetailViewModel.swift in Sources */ = {isa = PBXBuildFile; fileRef = 62015CBF23EF0F8100673EBB /* TopicDetailViewModel.swift */; };
		62015CC223EF0FA000673EBB /* TopicDetailViewController.swift in Sources */ = {isa = PBXBuildFile; fileRef = 62015CC123EF0FA000673EBB /* TopicDetailViewController.swift */; };
		62015CC423EF14FC00673EBB /* TopicDetailDataManager.swift in Sources */ = {isa = PBXBuildFile; fileRef = 62015CC323EF14FC00673EBB /* TopicDetailDataManager.swift */; };
		62015CC623EF161E00673EBB /* SingleTopicRequest.swift in Sources */ = {isa = PBXBuildFile; fileRef = 62015CC523EF161E00673EBB /* SingleTopicRequest.swift */; };
		62015CC823EF162D00673EBB /* SingleTopicResponse.swift in Sources */ = {isa = PBXBuildFile; fileRef = 62015CC723EF162D00673EBB /* SingleTopicResponse.swift */; };
		62015CCB23EF19F500673EBB /* UIViewController+Extensions.swift in Sources */ = {isa = PBXBuildFile; fileRef = 62015CCA23EF19F500673EBB /* UIViewController+Extensions.swift */; };
		62015CCE23EF1F5200673EBB /* AddTopicViewModel.swift in Sources */ = {isa = PBXBuildFile; fileRef = 62015CCD23EF1F5200673EBB /* AddTopicViewModel.swift */; };
		62015CD023EF1F6800673EBB /* AddTopicViewController.swift in Sources */ = {isa = PBXBuildFile; fileRef = 62015CCF23EF1F6800673EBB /* AddTopicViewController.swift */; };
		62015CD223EF205100673EBB /* CreateTopicRequest.swift in Sources */ = {isa = PBXBuildFile; fileRef = 62015CD123EF205100673EBB /* CreateTopicRequest.swift */; };
		62015CD423EF21A900673EBB /* AddNewTopicResponse.swift in Sources */ = {isa = PBXBuildFile; fileRef = 62015CD323EF21A900673EBB /* AddNewTopicResponse.swift */; };
		62015CD623EF21F600673EBB /* AddTopicDataManager.swift in Sources */ = {isa = PBXBuildFile; fileRef = 62015CD523EF21F600673EBB /* AddTopicDataManager.swift */; };
		62015CD823EF26C900673EBB /* AddTopicCoordinator.swift in Sources */ = {isa = PBXBuildFile; fileRef = 62015CD723EF26C900673EBB /* AddTopicCoordinator.swift */; };
		62015CDB23EF301300673EBB /* CategoriesViewModel.swift in Sources */ = {isa = PBXBuildFile; fileRef = 62015CDA23EF301300673EBB /* CategoriesViewModel.swift */; };
		62015CDD23EF302900673EBB /* CategoriesViewController.swift in Sources */ = {isa = PBXBuildFile; fileRef = 62015CDC23EF302900673EBB /* CategoriesViewController.swift */; };
		62015CDF23EF30E600673EBB /* CategoriesCoordinator.swift in Sources */ = {isa = PBXBuildFile; fileRef = 62015CDE23EF30E600673EBB /* CategoriesCoordinator.swift */; };
		627DC5A923E5F580006D8615 /* AppDelegate.swift in Sources */ = {isa = PBXBuildFile; fileRef = 627DC5A823E5F580006D8615 /* AppDelegate.swift */; };
		627DC5AB23E5F580006D8615 /* SceneDelegate.swift in Sources */ = {isa = PBXBuildFile; fileRef = 627DC5AA23E5F580006D8615 /* SceneDelegate.swift */; };
		627DC5B223E5F581006D8615 /* Assets.xcassets in Resources */ = {isa = PBXBuildFile; fileRef = 627DC5B123E5F581006D8615 /* Assets.xcassets */; };
		627DC5B523E5F581006D8615 /* LaunchScreen.storyboard in Resources */ = {isa = PBXBuildFile; fileRef = 627DC5B323E5F581006D8615 /* LaunchScreen.storyboard */; };
		627DC5BE23E5F7A0006D8615 /* Coordinator.swift in Sources */ = {isa = PBXBuildFile; fileRef = 627DC5BD23E5F7A0006D8615 /* Coordinator.swift */; };
		627DC5C023E5F7B3006D8615 /* AppCoordinator.swift in Sources */ = {isa = PBXBuildFile; fileRef = 627DC5BF23E5F7B3006D8615 /* AppCoordinator.swift */; };
		627DC5C323E5FEE4006D8615 /* TopicsViewModel.swift in Sources */ = {isa = PBXBuildFile; fileRef = 627DC5C223E5FEE4006D8615 /* TopicsViewModel.swift */; };
		627DC5C523E5FEFD006D8615 /* TopicsViewController.swift in Sources */ = {isa = PBXBuildFile; fileRef = 627DC5C423E5FEFD006D8615 /* TopicsViewController.swift */; };
		627DC5C823E60384006D8615 /* TopicsDataManager.swift in Sources */ = {isa = PBXBuildFile; fileRef = 627DC5C723E60384006D8615 /* TopicsDataManager.swift */; };
		627DC5CD23E6048A006D8615 /* DiscourseClientDataManager.swift in Sources */ = {isa = PBXBuildFile; fileRef = 627DC5CC23E6048A006D8615 /* DiscourseClientDataManager.swift */; };
		627DC5CF23E604D2006D8615 /* DiscourseClientRemoteDataManager.swift in Sources */ = {isa = PBXBuildFile; fileRef = 627DC5CE23E604D2006D8615 /* DiscourseClientRemoteDataManager.swift */; };
		627DC5D123E604E7006D8615 /* DiscourseClientLocalDataManager.swift in Sources */ = {isa = PBXBuildFile; fileRef = 627DC5D023E604E7006D8615 /* DiscourseClientLocalDataManager.swift */; };
		627DC5D323E605E5006D8615 /* DiscourseClientRemoteDataManagerImpl.swift in Sources */ = {isa = PBXBuildFile; fileRef = 627DC5D223E605E5006D8615 /* DiscourseClientRemoteDataManagerImpl.swift */; };
		627DC5D823E60727006D8615 /* SessionAPI.swift in Sources */ = {isa = PBXBuildFile; fileRef = 627DC5D623E60726006D8615 /* SessionAPI.swift */; };
		627DC5D923E60727006D8615 /* APIRequest.swift in Sources */ = {isa = PBXBuildFile; fileRef = 627DC5D723E60727006D8615 /* APIRequest.swift */; };
		62A697A323E89BD600CCEA3E /* LatestTopicsRequest.swift in Sources */ = {isa = PBXBuildFile; fileRef = 62A697A223E89BD600CCEA3E /* LatestTopicsRequest.swift */; };
		62A697A623E89C2200CCEA3E /* LatestTopicsResponse.swift in Sources */ = {isa = PBXBuildFile; fileRef = 62A697A523E89C2200CCEA3E /* LatestTopicsResponse.swift */; };
		62A697A823E89E6700CCEA3E /* DiscourseClientLocalDataManagerImpl.swift in Sources */ = {isa = PBXBuildFile; fileRef = 62A697A723E89E6700CCEA3E /* DiscourseClientLocalDataManagerImpl.swift */; };
		7D03D94024422571000E8C05 /* UserCell.swift in Sources */ = {isa = PBXBuildFile; fileRef = 7D03D93E24422571000E8C05 /* UserCell.swift */; };
		7D03D94124422571000E8C05 /* UserCell.xib in Resources */ = {isa = PBXBuildFile; fileRef = 7D03D93F24422571000E8C05 /* UserCell.xib */; };
		7D03D943244230EF000E8C05 /* SingleUserRequest.swift in Sources */ = {isa = PBXBuildFile; fileRef = 7D03D942244230EF000E8C05 /* SingleUserRequest.swift */; };
		7D03D94524423109000E8C05 /* SingleUserResponse.swift in Sources */ = {isa = PBXBuildFile; fileRef = 7D03D94424423109000E8C05 /* SingleUserResponse.swift */; };
		7D03D9472442341B000E8C05 /* ChangeUserNameRequest.swift in Sources */ = {isa = PBXBuildFile; fileRef = 7D03D9462442341B000E8C05 /* ChangeUserNameRequest.swift */; };
		7D03D94924423429000E8C05 /* ChangeUsernameResponse.swift in Sources */ = {isa = PBXBuildFile; fileRef = 7D03D94824423429000E8C05 /* ChangeUsernameResponse.swift */; };
		7DC729BD24368E100097F37E /* CategoriesResponse.swift in Sources */ = {isa = PBXBuildFile; fileRef = 7DC729BC24368E100097F37E /* CategoriesResponse.swift */; };
		7DC729BF24368E340097F37E /* CategoriesRequest.swift in Sources */ = {isa = PBXBuildFile; fileRef = 7DC729BE24368E340097F37E /* CategoriesRequest.swift */; };
		7DC729C22437AFAA0097F37E /* CategoriesCell.swift in Sources */ = {isa = PBXBuildFile; fileRef = 7DC729C02437AFAA0097F37E /* CategoriesCell.swift */; };
		7DC729C32437AFAA0097F37E /* CategoriesCell.xib in Resources */ = {isa = PBXBuildFile; fileRef = 7DC729C12437AFAA0097F37E /* CategoriesCell.xib */; };
		7DC729C52437B1020097F37E /* CategoriesCellViewModel.swift in Sources */ = {isa = PBXBuildFile; fileRef = 7DC729C42437B1020097F37E /* CategoriesCellViewModel.swift */; };
		7DC729C72437B1700097F37E /* CategoriesDataManager.swift in Sources */ = {isa = PBXBuildFile; fileRef = 7DC729C62437B1700097F37E /* CategoriesDataManager.swift */; };
		7DDD22F1243CD3D100989A3E /* DeleteTopicRequest.swift in Sources */ = {isa = PBXBuildFile; fileRef = 7DDD22F0243CD3D100989A3E /* DeleteTopicRequest.swift */; };
		7DDD22F3243CD43300989A3E /* DeleteTopicResponse.swift in Sources */ = {isa = PBXBuildFile; fileRef = 7DDD22F2243CD43300989A3E /* DeleteTopicResponse.swift */; };
		7DDD22F7244207DA00989A3E /* UsersCoordinator.swift in Sources */ = {isa = PBXBuildFile; fileRef = 7DDD22F6244207DA00989A3E /* UsersCoordinator.swift */; };
		7DDD22F92442085300989A3E /* UsersViewModel.swift in Sources */ = {isa = PBXBuildFile; fileRef = 7DDD22F82442085300989A3E /* UsersViewModel.swift */; };
		7DDD22FB2442086900989A3E /* UsersViewController.swift in Sources */ = {isa = PBXBuildFile; fileRef = 7DDD22FA2442086900989A3E /* UsersViewController.swift */; };
		7DDD22FD2442087D00989A3E /* UsersDataManager.swift in Sources */ = {isa = PBXBuildFile; fileRef = 7DDD22FC2442087D00989A3E /* UsersDataManager.swift */; };
		7DDD22FF244208A000989A3E /* UserCellViewModel.swift in Sources */ = {isa = PBXBuildFile; fileRef = 7DDD22FE244208A000989A3E /* UserCellViewModel.swift */; };
		7DDD230524420B6A00989A3E /* UserDetailViewModel.swift in Sources */ = {isa = PBXBuildFile; fileRef = 7DDD230424420B6A00989A3E /* UserDetailViewModel.swift */; };
		7DDD230724420B8100989A3E /* UserDetailViewController.swift in Sources */ = {isa = PBXBuildFile; fileRef = 7DDD230624420B8100989A3E /* UserDetailViewController.swift */; };
		7DDD230924420BA200989A3E /* UserDetailDataManager.swift in Sources */ = {isa = PBXBuildFile; fileRef = 7DDD230824420BA200989A3E /* UserDetailDataManager.swift */; };
		7DDD230B24420CC100989A3E /* GetUsersRequest.swift in Sources */ = {isa = PBXBuildFile; fileRef = 7DDD230A24420CC100989A3E /* GetUsersRequest.swift */; };
		7DDD230D24420CD900989A3E /* GetUsersResponse.swift in Sources */ = {isa = PBXBuildFile; fileRef = 7DDD230C24420CD900989A3E /* GetUsersResponse.swift */; };
		7DDEAA30247C412700EDFFB0 /* UsersCollectionViewCell.swift in Sources */ = {isa = PBXBuildFile; fileRef = 7DDEAA2E247C412700EDFFB0 /* UsersCollectionViewCell.swift */; };
		7DDEAA31247C412700EDFFB0 /* UsersCollectionViewCell.xib in Resources */ = {isa = PBXBuildFile; fileRef = 7DDEAA2F247C412700EDFFB0 /* UsersCollectionViewCell.xib */; };
		7DDEAA332480EC7C00EDFFB0 /* UIColor+Additions.swift in Sources */ = {isa = PBXBuildFile; fileRef = 7DDEAA322480EC7C00EDFFB0 /* UIColor+Additions.swift */; };
		7DDEAA3624832C0300EDFFB0 /* WelcomeTableViewCell.swift in Sources */ = {isa = PBXBuildFile; fileRef = 7DDEAA3424832C0300EDFFB0 /* WelcomeTableViewCell.swift */; };
		7DDEAA3724832C0300EDFFB0 /* WelcomeTableViewCell.xib in Resources */ = {isa = PBXBuildFile; fileRef = 7DDEAA3524832C0300EDFFB0 /* WelcomeTableViewCell.xib */; };
		7DDEAA392483337F00EDFFB0 /* WelcomeCellViewModel.swift in Sources */ = {isa = PBXBuildFile; fileRef = 7DDEAA382483337F00EDFFB0 /* WelcomeCellViewModel.swift */; };
		7DDEAA3B24842DB800EDFFB0 /* CellViewModel.swift in Sources */ = {isa = PBXBuildFile; fileRef = 7DDEAA3A24842DB800EDFFB0 /* CellViewModel.swift */; };
/* End PBXBuildFile section */

/* Begin PBXFileReference section */
		62015CB623EF04C200673EBB /* TopicCellViewModel.swift */ = {isa = PBXFileReference; lastKnownFileType = sourcecode.swift; path = TopicCellViewModel.swift; sourceTree = "<group>"; };
		62015CB823EF084C00673EBB /* TopicCell.swift */ = {isa = PBXFileReference; lastKnownFileType = sourcecode.swift; path = TopicCell.swift; sourceTree = "<group>"; };
		62015CB923EF084C00673EBB /* TopicCell.xib */ = {isa = PBXFileReference; lastKnownFileType = file.xib; path = TopicCell.xib; sourceTree = "<group>"; };
		62015CBC23EF0C6700673EBB /* TopicsCoordinator.swift */ = {isa = PBXFileReference; lastKnownFileType = sourcecode.swift; path = TopicsCoordinator.swift; sourceTree = "<group>"; };
		62015CBF23EF0F8100673EBB /* TopicDetailViewModel.swift */ = {isa = PBXFileReference; lastKnownFileType = sourcecode.swift; path = TopicDetailViewModel.swift; sourceTree = "<group>"; };
		62015CC123EF0FA000673EBB /* TopicDetailViewController.swift */ = {isa = PBXFileReference; lastKnownFileType = sourcecode.swift; path = TopicDetailViewController.swift; sourceTree = "<group>"; };
		62015CC323EF14FC00673EBB /* TopicDetailDataManager.swift */ = {isa = PBXFileReference; lastKnownFileType = sourcecode.swift; path = TopicDetailDataManager.swift; sourceTree = "<group>"; };
		62015CC523EF161E00673EBB /* SingleTopicRequest.swift */ = {isa = PBXFileReference; fileEncoding = 4; lastKnownFileType = sourcecode.swift; path = SingleTopicRequest.swift; sourceTree = "<group>"; };
		62015CC723EF162D00673EBB /* SingleTopicResponse.swift */ = {isa = PBXFileReference; fileEncoding = 4; lastKnownFileType = sourcecode.swift; path = SingleTopicResponse.swift; sourceTree = "<group>"; };
		62015CCA23EF19F500673EBB /* UIViewController+Extensions.swift */ = {isa = PBXFileReference; lastKnownFileType = sourcecode.swift; path = "UIViewController+Extensions.swift"; sourceTree = "<group>"; };
		62015CCD23EF1F5200673EBB /* AddTopicViewModel.swift */ = {isa = PBXFileReference; lastKnownFileType = sourcecode.swift; path = AddTopicViewModel.swift; sourceTree = "<group>"; };
		62015CCF23EF1F6800673EBB /* AddTopicViewController.swift */ = {isa = PBXFileReference; lastKnownFileType = sourcecode.swift; path = AddTopicViewController.swift; sourceTree = "<group>"; };
		62015CD123EF205100673EBB /* CreateTopicRequest.swift */ = {isa = PBXFileReference; fileEncoding = 4; lastKnownFileType = sourcecode.swift; path = CreateTopicRequest.swift; sourceTree = "<group>"; };
		62015CD323EF21A900673EBB /* AddNewTopicResponse.swift */ = {isa = PBXFileReference; fileEncoding = 4; lastKnownFileType = sourcecode.swift; path = AddNewTopicResponse.swift; sourceTree = "<group>"; };
		62015CD523EF21F600673EBB /* AddTopicDataManager.swift */ = {isa = PBXFileReference; lastKnownFileType = sourcecode.swift; path = AddTopicDataManager.swift; sourceTree = "<group>"; };
		62015CD723EF26C900673EBB /* AddTopicCoordinator.swift */ = {isa = PBXFileReference; lastKnownFileType = sourcecode.swift; path = AddTopicCoordinator.swift; sourceTree = "<group>"; };
		62015CDA23EF301300673EBB /* CategoriesViewModel.swift */ = {isa = PBXFileReference; lastKnownFileType = sourcecode.swift; path = CategoriesViewModel.swift; sourceTree = "<group>"; };
		62015CDC23EF302900673EBB /* CategoriesViewController.swift */ = {isa = PBXFileReference; lastKnownFileType = sourcecode.swift; path = CategoriesViewController.swift; sourceTree = "<group>"; };
		62015CDE23EF30E600673EBB /* CategoriesCoordinator.swift */ = {isa = PBXFileReference; lastKnownFileType = sourcecode.swift; path = CategoriesCoordinator.swift; sourceTree = "<group>"; };
		627DC5A523E5F580006D8615 /* DiscourseClient.app */ = {isa = PBXFileReference; explicitFileType = wrapper.application; includeInIndex = 0; path = DiscourseClient.app; sourceTree = BUILT_PRODUCTS_DIR; };
		627DC5A823E5F580006D8615 /* AppDelegate.swift */ = {isa = PBXFileReference; lastKnownFileType = sourcecode.swift; path = AppDelegate.swift; sourceTree = "<group>"; };
		627DC5AA23E5F580006D8615 /* SceneDelegate.swift */ = {isa = PBXFileReference; lastKnownFileType = sourcecode.swift; path = SceneDelegate.swift; sourceTree = "<group>"; };
		627DC5B123E5F581006D8615 /* Assets.xcassets */ = {isa = PBXFileReference; lastKnownFileType = folder.assetcatalog; path = Assets.xcassets; sourceTree = "<group>"; };
		627DC5B423E5F581006D8615 /* Base */ = {isa = PBXFileReference; lastKnownFileType = file.storyboard; name = Base; path = Base.lproj/LaunchScreen.storyboard; sourceTree = "<group>"; };
		627DC5B623E5F581006D8615 /* Info.plist */ = {isa = PBXFileReference; lastKnownFileType = text.plist.xml; path = Info.plist; sourceTree = "<group>"; };
		627DC5BD23E5F7A0006D8615 /* Coordinator.swift */ = {isa = PBXFileReference; fileEncoding = 4; lastKnownFileType = sourcecode.swift; path = Coordinator.swift; sourceTree = "<group>"; };
		627DC5BF23E5F7B3006D8615 /* AppCoordinator.swift */ = {isa = PBXFileReference; lastKnownFileType = sourcecode.swift; path = AppCoordinator.swift; sourceTree = "<group>"; };
		627DC5C223E5FEE4006D8615 /* TopicsViewModel.swift */ = {isa = PBXFileReference; lastKnownFileType = sourcecode.swift; path = TopicsViewModel.swift; sourceTree = "<group>"; };
		627DC5C423E5FEFD006D8615 /* TopicsViewController.swift */ = {isa = PBXFileReference; lastKnownFileType = sourcecode.swift; path = TopicsViewController.swift; sourceTree = "<group>"; };
		627DC5C723E60384006D8615 /* TopicsDataManager.swift */ = {isa = PBXFileReference; lastKnownFileType = sourcecode.swift; path = TopicsDataManager.swift; sourceTree = "<group>"; };
		627DC5CC23E6048A006D8615 /* DiscourseClientDataManager.swift */ = {isa = PBXFileReference; lastKnownFileType = sourcecode.swift; path = DiscourseClientDataManager.swift; sourceTree = "<group>"; };
		627DC5CE23E604D2006D8615 /* DiscourseClientRemoteDataManager.swift */ = {isa = PBXFileReference; lastKnownFileType = sourcecode.swift; path = DiscourseClientRemoteDataManager.swift; sourceTree = "<group>"; };
		627DC5D023E604E7006D8615 /* DiscourseClientLocalDataManager.swift */ = {isa = PBXFileReference; lastKnownFileType = sourcecode.swift; path = DiscourseClientLocalDataManager.swift; sourceTree = "<group>"; };
		627DC5D223E605E5006D8615 /* DiscourseClientRemoteDataManagerImpl.swift */ = {isa = PBXFileReference; lastKnownFileType = sourcecode.swift; path = DiscourseClientRemoteDataManagerImpl.swift; sourceTree = "<group>"; };
		627DC5D623E60726006D8615 /* SessionAPI.swift */ = {isa = PBXFileReference; fileEncoding = 4; lastKnownFileType = sourcecode.swift; path = SessionAPI.swift; sourceTree = "<group>"; };
		627DC5D723E60727006D8615 /* APIRequest.swift */ = {isa = PBXFileReference; fileEncoding = 4; lastKnownFileType = sourcecode.swift; path = APIRequest.swift; sourceTree = "<group>"; };
		62A697A223E89BD600CCEA3E /* LatestTopicsRequest.swift */ = {isa = PBXFileReference; fileEncoding = 4; lastKnownFileType = sourcecode.swift; path = LatestTopicsRequest.swift; sourceTree = "<group>"; };
		62A697A523E89C2200CCEA3E /* LatestTopicsResponse.swift */ = {isa = PBXFileReference; fileEncoding = 4; lastKnownFileType = sourcecode.swift; path = LatestTopicsResponse.swift; sourceTree = "<group>"; };
		62A697A723E89E6700CCEA3E /* DiscourseClientLocalDataManagerImpl.swift */ = {isa = PBXFileReference; lastKnownFileType = sourcecode.swift; path = DiscourseClientLocalDataManagerImpl.swift; sourceTree = "<group>"; };
		7D03D93E24422571000E8C05 /* UserCell.swift */ = {isa = PBXFileReference; lastKnownFileType = sourcecode.swift; path = UserCell.swift; sourceTree = "<group>"; };
		7D03D93F24422571000E8C05 /* UserCell.xib */ = {isa = PBXFileReference; lastKnownFileType = file.xib; path = UserCell.xib; sourceTree = "<group>"; };
		7D03D942244230EF000E8C05 /* SingleUserRequest.swift */ = {isa = PBXFileReference; lastKnownFileType = sourcecode.swift; path = SingleUserRequest.swift; sourceTree = "<group>"; };
		7D03D94424423109000E8C05 /* SingleUserResponse.swift */ = {isa = PBXFileReference; lastKnownFileType = sourcecode.swift; path = SingleUserResponse.swift; sourceTree = "<group>"; };
		7D03D9462442341B000E8C05 /* ChangeUserNameRequest.swift */ = {isa = PBXFileReference; lastKnownFileType = sourcecode.swift; path = ChangeUserNameRequest.swift; sourceTree = "<group>"; };
		7D03D94824423429000E8C05 /* ChangeUsernameResponse.swift */ = {isa = PBXFileReference; lastKnownFileType = sourcecode.swift; path = ChangeUsernameResponse.swift; sourceTree = "<group>"; };
		7DC729BC24368E100097F37E /* CategoriesResponse.swift */ = {isa = PBXFileReference; lastKnownFileType = sourcecode.swift; path = CategoriesResponse.swift; sourceTree = "<group>"; };
		7DC729BE24368E340097F37E /* CategoriesRequest.swift */ = {isa = PBXFileReference; lastKnownFileType = sourcecode.swift; path = CategoriesRequest.swift; sourceTree = "<group>"; };
		7DC729C02437AFAA0097F37E /* CategoriesCell.swift */ = {isa = PBXFileReference; lastKnownFileType = sourcecode.swift; path = CategoriesCell.swift; sourceTree = "<group>"; };
		7DC729C12437AFAA0097F37E /* CategoriesCell.xib */ = {isa = PBXFileReference; lastKnownFileType = file.xib; path = CategoriesCell.xib; sourceTree = "<group>"; };
		7DC729C42437B1020097F37E /* CategoriesCellViewModel.swift */ = {isa = PBXFileReference; lastKnownFileType = sourcecode.swift; path = CategoriesCellViewModel.swift; sourceTree = "<group>"; };
		7DC729C62437B1700097F37E /* CategoriesDataManager.swift */ = {isa = PBXFileReference; lastKnownFileType = sourcecode.swift; path = CategoriesDataManager.swift; sourceTree = "<group>"; };
		7DDD22F0243CD3D100989A3E /* DeleteTopicRequest.swift */ = {isa = PBXFileReference; lastKnownFileType = sourcecode.swift; path = DeleteTopicRequest.swift; sourceTree = "<group>"; };
		7DDD22F2243CD43300989A3E /* DeleteTopicResponse.swift */ = {isa = PBXFileReference; lastKnownFileType = sourcecode.swift; path = DeleteTopicResponse.swift; sourceTree = "<group>"; };
		7DDD22F6244207DA00989A3E /* UsersCoordinator.swift */ = {isa = PBXFileReference; lastKnownFileType = sourcecode.swift; path = UsersCoordinator.swift; sourceTree = "<group>"; };
		7DDD22F82442085300989A3E /* UsersViewModel.swift */ = {isa = PBXFileReference; lastKnownFileType = sourcecode.swift; path = UsersViewModel.swift; sourceTree = "<group>"; };
		7DDD22FA2442086900989A3E /* UsersViewController.swift */ = {isa = PBXFileReference; lastKnownFileType = sourcecode.swift; path = UsersViewController.swift; sourceTree = "<group>"; };
		7DDD22FC2442087D00989A3E /* UsersDataManager.swift */ = {isa = PBXFileReference; lastKnownFileType = sourcecode.swift; path = UsersDataManager.swift; sourceTree = "<group>"; };
		7DDD22FE244208A000989A3E /* UserCellViewModel.swift */ = {isa = PBXFileReference; lastKnownFileType = sourcecode.swift; path = UserCellViewModel.swift; sourceTree = "<group>"; };
		7DDD230424420B6A00989A3E /* UserDetailViewModel.swift */ = {isa = PBXFileReference; lastKnownFileType = sourcecode.swift; path = UserDetailViewModel.swift; sourceTree = "<group>"; };
		7DDD230624420B8100989A3E /* UserDetailViewController.swift */ = {isa = PBXFileReference; lastKnownFileType = sourcecode.swift; path = UserDetailViewController.swift; sourceTree = "<group>"; };
		7DDD230824420BA200989A3E /* UserDetailDataManager.swift */ = {isa = PBXFileReference; lastKnownFileType = sourcecode.swift; path = UserDetailDataManager.swift; sourceTree = "<group>"; };
		7DDD230A24420CC100989A3E /* GetUsersRequest.swift */ = {isa = PBXFileReference; lastKnownFileType = sourcecode.swift; path = GetUsersRequest.swift; sourceTree = "<group>"; };
		7DDD230C24420CD900989A3E /* GetUsersResponse.swift */ = {isa = PBXFileReference; lastKnownFileType = sourcecode.swift; path = GetUsersResponse.swift; sourceTree = "<group>"; };
		7DDEAA2E247C412700EDFFB0 /* UsersCollectionViewCell.swift */ = {isa = PBXFileReference; lastKnownFileType = sourcecode.swift; path = UsersCollectionViewCell.swift; sourceTree = "<group>"; };
		7DDEAA2F247C412700EDFFB0 /* UsersCollectionViewCell.xib */ = {isa = PBXFileReference; lastKnownFileType = file.xib; path = UsersCollectionViewCell.xib; sourceTree = "<group>"; };
		7DDEAA322480EC7C00EDFFB0 /* UIColor+Additions.swift */ = {isa = PBXFileReference; fileEncoding = 4; lastKnownFileType = sourcecode.swift; path = "UIColor+Additions.swift"; sourceTree = "<group>"; };
		7DDEAA3424832C0300EDFFB0 /* WelcomeTableViewCell.swift */ = {isa = PBXFileReference; lastKnownFileType = sourcecode.swift; path = WelcomeTableViewCell.swift; sourceTree = "<group>"; };
		7DDEAA3524832C0300EDFFB0 /* WelcomeTableViewCell.xib */ = {isa = PBXFileReference; lastKnownFileType = file.xib; path = WelcomeTableViewCell.xib; sourceTree = "<group>"; };
		7DDEAA382483337F00EDFFB0 /* WelcomeCellViewModel.swift */ = {isa = PBXFileReference; lastKnownFileType = sourcecode.swift; path = WelcomeCellViewModel.swift; sourceTree = "<group>"; };
		7DDEAA3A24842DB800EDFFB0 /* CellViewModel.swift */ = {isa = PBXFileReference; lastKnownFileType = sourcecode.swift; path = CellViewModel.swift; sourceTree = "<group>"; };
/* End PBXFileReference section */

/* Begin PBXFrameworksBuildPhase section */
		627DC5A223E5F580006D8615 /* Frameworks */ = {
			isa = PBXFrameworksBuildPhase;
			buildActionMask = 2147483647;
			files = (
			);
			runOnlyForDeploymentPostprocessing = 0;
		};
/* End PBXFrameworksBuildPhase section */

/* Begin PBXGroup section */
		62015CBE23EF0F6C00673EBB /* TopicDetail */ = {
			isa = PBXGroup;
			children = (
				62015CBF23EF0F8100673EBB /* TopicDetailViewModel.swift */,
				62015CC123EF0FA000673EBB /* TopicDetailViewController.swift */,
				62015CC323EF14FC00673EBB /* TopicDetailDataManager.swift */,
			);
			path = TopicDetail;
			sourceTree = "<group>";
		};
		62015CC923EF19E600673EBB /* Extensions */ = {
			isa = PBXGroup;
			children = (
				62015CCA23EF19F500673EBB /* UIViewController+Extensions.swift */,
			);
			path = Extensions;
			sourceTree = "<group>";
		};
		62015CCC23EF1F4200673EBB /* AddTopic */ = {
			isa = PBXGroup;
			children = (
				62015CCD23EF1F5200673EBB /* AddTopicViewModel.swift */,
				62015CCF23EF1F6800673EBB /* AddTopicViewController.swift */,
				62015CD523EF21F600673EBB /* AddTopicDataManager.swift */,
			);
			path = AddTopic;
			sourceTree = "<group>";
		};
		62015CD923EF300200673EBB /* Categories */ = {
			isa = PBXGroup;
			children = (
				62015CDA23EF301300673EBB /* CategoriesViewModel.swift */,
				62015CDC23EF302900673EBB /* CategoriesViewController.swift */,
				7DC729C62437B1700097F37E /* CategoriesDataManager.swift */,
				7DC729C42437B1020097F37E /* CategoriesCellViewModel.swift */,
				7DC729C02437AFAA0097F37E /* CategoriesCell.swift */,
				7DC729C12437AFAA0097F37E /* CategoriesCell.xib */,
			);
			path = Categories;
			sourceTree = "<group>";
		};
		627DC59C23E5F580006D8615 = {
			isa = PBXGroup;
			children = (
				627DC5A723E5F580006D8615 /* DiscourseClient */,
				627DC5A623E5F580006D8615 /* Products */,
			);
			sourceTree = "<group>";
		};
		627DC5A623E5F580006D8615 /* Products */ = {
			isa = PBXGroup;
			children = (
				627DC5A523E5F580006D8615 /* DiscourseClient.app */,
			);
			name = Products;
			sourceTree = "<group>";
		};
		627DC5A723E5F580006D8615 /* DiscourseClient */ = {
			isa = PBXGroup;
			children = (
				62015CC923EF19E600673EBB /* Extensions */,
				627DC5C923E603A9006D8615 /* Model */,
				627DC5C623E6036F006D8615 /* DataManager */,
				627DC5C123E5FED6006D8615 /* Topics */,
				62015CBE23EF0F6C00673EBB /* TopicDetail */,
				62015CCC23EF1F4200673EBB /* AddTopic */,
				62015CD923EF300200673EBB /* Categories */,
				7DDD22F42440C5A000989A3E /* Users */,
				7DDD22F52442064200989A3E /* UserDetail */,
				627DC5BC23E5F775006D8615 /* Coordinator */,
				627DC5A823E5F580006D8615 /* AppDelegate.swift */,
				627DC5AA23E5F580006D8615 /* SceneDelegate.swift */,
				627DC5B123E5F581006D8615 /* Assets.xcassets */,
				627DC5B323E5F581006D8615 /* LaunchScreen.storyboard */,
				627DC5B623E5F581006D8615 /* Info.plist */,
				7DDEAA322480EC7C00EDFFB0 /* UIColor+Additions.swift */,
			);
			path = DiscourseClient;
			sourceTree = "<group>";
		};
		627DC5BC23E5F775006D8615 /* Coordinator */ = {
			isa = PBXGroup;
			children = (
				627DC5BF23E5F7B3006D8615 /* AppCoordinator.swift */,
				62015CBC23EF0C6700673EBB /* TopicsCoordinator.swift */,
				62015CDE23EF30E600673EBB /* CategoriesCoordinator.swift */,
				62015CD723EF26C900673EBB /* AddTopicCoordinator.swift */,
				7DDD22F6244207DA00989A3E /* UsersCoordinator.swift */,
				627DC5BD23E5F7A0006D8615 /* Coordinator.swift */,
			);
			path = Coordinator;
			sourceTree = "<group>";
		};
		627DC5C123E5FED6006D8615 /* Topics */ = {
			isa = PBXGroup;
			children = (
				627DC5C223E5FEE4006D8615 /* TopicsViewModel.swift */,
				627DC5C423E5FEFD006D8615 /* TopicsViewController.swift */,
				627DC5C723E60384006D8615 /* TopicsDataManager.swift */,
				62015CB623EF04C200673EBB /* TopicCellViewModel.swift */,
				62015CB823EF084C00673EBB /* TopicCell.swift */,
				62015CB923EF084C00673EBB /* TopicCell.xib */,
				7DDEAA382483337F00EDFFB0 /* WelcomeCellViewModel.swift */,
				7DDEAA3424832C0300EDFFB0 /* WelcomeTableViewCell.swift */,
				7DDEAA3524832C0300EDFFB0 /* WelcomeTableViewCell.xib */,
				7DDEAA3A24842DB800EDFFB0 /* CellViewModel.swift */,
			);
			path = Topics;
			sourceTree = "<group>";
		};
		627DC5C623E6036F006D8615 /* DataManager */ = {
			isa = PBXGroup;
			children = (
				627DC5CC23E6048A006D8615 /* DiscourseClientDataManager.swift */,
				627DC5D423E60709006D8615 /* Remote */,
				627DC5D523E60711006D8615 /* Local */,
			);
			path = DataManager;
			sourceTree = "<group>";
		};
		627DC5C923E603A9006D8615 /* Model */ = {
			isa = PBXGroup;
			children = (
				62A697A423E89C0300CCEA3E /* Responses */,
				627DC5DA23E607D6006D8615 /* Requests */,
			);
			path = Model;
			sourceTree = "<group>";
		};
		627DC5D423E60709006D8615 /* Remote */ = {
			isa = PBXGroup;
			children = (
				627DC5D623E60726006D8615 /* SessionAPI.swift */,
				627DC5D723E60727006D8615 /* APIRequest.swift */,
				627DC5CE23E604D2006D8615 /* DiscourseClientRemoteDataManager.swift */,
				627DC5D223E605E5006D8615 /* DiscourseClientRemoteDataManagerImpl.swift */,
			);
			path = Remote;
			sourceTree = "<group>";
		};
		627DC5D523E60711006D8615 /* Local */ = {
			isa = PBXGroup;
			children = (
				627DC5D023E604E7006D8615 /* DiscourseClientLocalDataManager.swift */,
				62A697A723E89E6700CCEA3E /* DiscourseClientLocalDataManagerImpl.swift */,
			);
			path = Local;
			sourceTree = "<group>";
		};
		627DC5DA23E607D6006D8615 /* Requests */ = {
			isa = PBXGroup;
			children = (
				62015CC523EF161E00673EBB /* SingleTopicRequest.swift */,
				62015CD123EF205100673EBB /* CreateTopicRequest.swift */,
				62A697A223E89BD600CCEA3E /* LatestTopicsRequest.swift */,
				7DC729BE24368E340097F37E /* CategoriesRequest.swift */,
				7DDD22F0243CD3D100989A3E /* DeleteTopicRequest.swift */,
				7DDD230A24420CC100989A3E /* GetUsersRequest.swift */,
				7D03D942244230EF000E8C05 /* SingleUserRequest.swift */,
				7D03D9462442341B000E8C05 /* ChangeUserNameRequest.swift */,
			);
			path = Requests;
			sourceTree = "<group>";
		};
		62A697A423E89C0300CCEA3E /* Responses */ = {
			isa = PBXGroup;
			children = (
				62A697A523E89C2200CCEA3E /* LatestTopicsResponse.swift */,
				62015CD323EF21A900673EBB /* AddNewTopicResponse.swift */,
				62015CC723EF162D00673EBB /* SingleTopicResponse.swift */,
				7DC729BC24368E100097F37E /* CategoriesResponse.swift */,
				7DDD22F2243CD43300989A3E /* DeleteTopicResponse.swift */,
				7DDD230C24420CD900989A3E /* GetUsersResponse.swift */,
				7D03D94424423109000E8C05 /* SingleUserResponse.swift */,
				7D03D94824423429000E8C05 /* ChangeUsernameResponse.swift */,
			);
			path = Responses;
			sourceTree = "<group>";
		};
		7DDD22F42440C5A000989A3E /* Users */ = {
			isa = PBXGroup;
			children = (
				7DDD22F82442085300989A3E /* UsersViewModel.swift */,
				7DDD22FA2442086900989A3E /* UsersViewController.swift */,
				7DDD22FC2442087D00989A3E /* UsersDataManager.swift */,
				7DDD22FE244208A000989A3E /* UserCellViewModel.swift */,
				7D03D93E24422571000E8C05 /* UserCell.swift */,
				7D03D93F24422571000E8C05 /* UserCell.xib */,
				7DDEAA2E247C412700EDFFB0 /* UsersCollectionViewCell.swift */,
				7DDEAA2F247C412700EDFFB0 /* UsersCollectionViewCell.xib */,
			);
			path = Users;
			sourceTree = "<group>";
		};
		7DDD22F52442064200989A3E /* UserDetail */ = {
			isa = PBXGroup;
			children = (
				7DDD230424420B6A00989A3E /* UserDetailViewModel.swift */,
				7DDD230624420B8100989A3E /* UserDetailViewController.swift */,
				7DDD230824420BA200989A3E /* UserDetailDataManager.swift */,
			);
			path = UserDetail;
			sourceTree = "<group>";
		};
/* End PBXGroup section */

/* Begin PBXNativeTarget section */
		627DC5A423E5F580006D8615 /* DiscourseClient */ = {
			isa = PBXNativeTarget;
			buildConfigurationList = 627DC5B923E5F581006D8615 /* Build configuration list for PBXNativeTarget "DiscourseClient" */;
			buildPhases = (
				627DC5A123E5F580006D8615 /* Sources */,
				627DC5A223E5F580006D8615 /* Frameworks */,
				627DC5A323E5F580006D8615 /* Resources */,
			);
			buildRules = (
			);
			dependencies = (
			);
			name = DiscourseClient;
			productName = DiscourseClient;
			productReference = 627DC5A523E5F580006D8615 /* DiscourseClient.app */;
			productType = "com.apple.product-type.application";
		};
/* End PBXNativeTarget section */

/* Begin PBXProject section */
		627DC59D23E5F580006D8615 /* Project object */ = {
			isa = PBXProject;
			attributes = {
				LastSwiftUpdateCheck = 1130;
				LastUpgradeCheck = 1130;
				ORGANIZATIONNAME = "Roberto Garrido";
				TargetAttributes = {
					627DC5A423E5F580006D8615 = {
						CreatedOnToolsVersion = 11.3.1;
					};
				};
			};
			buildConfigurationList = 627DC5A023E5F580006D8615 /* Build configuration list for PBXProject "DiscourseClient" */;
			compatibilityVersion = "Xcode 9.3";
			developmentRegion = en;
			hasScannedForEncodings = 0;
			knownRegions = (
				en,
				Base,
			);
			mainGroup = 627DC59C23E5F580006D8615;
			productRefGroup = 627DC5A623E5F580006D8615 /* Products */;
			projectDirPath = "";
			projectRoot = "";
			targets = (
				627DC5A423E5F580006D8615 /* DiscourseClient */,
			);
		};
/* End PBXProject section */

/* Begin PBXResourcesBuildPhase section */
		627DC5A323E5F580006D8615 /* Resources */ = {
			isa = PBXResourcesBuildPhase;
			buildActionMask = 2147483647;
			files = (
				7DDEAA3724832C0300EDFFB0 /* WelcomeTableViewCell.xib in Resources */,
				627DC5B523E5F581006D8615 /* LaunchScreen.storyboard in Resources */,
				7DDEAA31247C412700EDFFB0 /* UsersCollectionViewCell.xib in Resources */,
				7DC729C32437AFAA0097F37E /* CategoriesCell.xib in Resources */,
				627DC5B223E5F581006D8615 /* Assets.xcassets in Resources */,
				62015CBB23EF084C00673EBB /* TopicCell.xib in Resources */,
				7D03D94124422571000E8C05 /* UserCell.xib in Resources */,
			);
			runOnlyForDeploymentPostprocessing = 0;
		};
/* End PBXResourcesBuildPhase section */

/* Begin PBXSourcesBuildPhase section */
		627DC5A123E5F580006D8615 /* Sources */ = {
			isa = PBXSourcesBuildPhase;
			buildActionMask = 2147483647;
			files = (
				62A697A323E89BD600CCEA3E /* LatestTopicsRequest.swift in Sources */,
				627DC5BE23E5F7A0006D8615 /* Coordinator.swift in Sources */,
				7D03D9472442341B000E8C05 /* ChangeUserNameRequest.swift in Sources */,
				627DC5C323E5FEE4006D8615 /* TopicsViewModel.swift in Sources */,
				62015CC023EF0F8100673EBB /* TopicDetailViewModel.swift in Sources */,
				62015CC823EF162D00673EBB /* SingleTopicResponse.swift in Sources */,
				62015CC423EF14FC00673EBB /* TopicDetailDataManager.swift in Sources */,
				62015CDB23EF301300673EBB /* CategoriesViewModel.swift in Sources */,
				7DDEAA3B24842DB800EDFFB0 /* CellViewModel.swift in Sources */,
				62015CBD23EF0C6700673EBB /* TopicsCoordinator.swift in Sources */,
				62A697A623E89C2200CCEA3E /* LatestTopicsResponse.swift in Sources */,
				7DDD22FD2442087D00989A3E /* UsersDataManager.swift in Sources */,
				627DC5CF23E604D2006D8615 /* DiscourseClientRemoteDataManager.swift in Sources */,
				627DC5C523E5FEFD006D8615 /* TopicsViewController.swift in Sources */,
				7DC729C22437AFAA0097F37E /* CategoriesCell.swift in Sources */,
				627DC5D323E605E5006D8615 /* DiscourseClientRemoteDataManagerImpl.swift in Sources */,
				7DC729BD24368E100097F37E /* CategoriesResponse.swift in Sources */,
				7D03D94524423109000E8C05 /* SingleUserResponse.swift in Sources */,
				7DDEAA3624832C0300EDFFB0 /* WelcomeTableViewCell.swift in Sources */,
				7DDD230924420BA200989A3E /* UserDetailDataManager.swift in Sources */,
				7DDD22F1243CD3D100989A3E /* DeleteTopicRequest.swift in Sources */,
				62015CBA23EF084C00673EBB /* TopicCell.swift in Sources */,
				62015CCB23EF19F500673EBB /* UIViewController+Extensions.swift in Sources */,
				7DDD230B24420CC100989A3E /* GetUsersRequest.swift in Sources */,
				7DDD230524420B6A00989A3E /* UserDetailViewModel.swift in Sources */,
				7D03D943244230EF000E8C05 /* SingleUserRequest.swift in Sources */,
				62015CD823EF26C900673EBB /* AddTopicCoordinator.swift in Sources */,
				62015CD423EF21A900673EBB /* AddNewTopicResponse.swift in Sources */,
				7DC729C52437B1020097F37E /* CategoriesCellViewModel.swift in Sources */,
				7DDD22F92442085300989A3E /* UsersViewModel.swift in Sources */,
				7DDEAA392483337F00EDFFB0 /* WelcomeCellViewModel.swift in Sources */,
				7D03D94924423429000E8C05 /* ChangeUsernameResponse.swift in Sources */,
				62015CC623EF161E00673EBB /* SingleTopicRequest.swift in Sources */,
				7DDD22FF244208A000989A3E /* UserCellViewModel.swift in Sources */,
				62015CCE23EF1F5200673EBB /* AddTopicViewModel.swift in Sources */,
				62015CDF23EF30E600673EBB /* CategoriesCoordinator.swift in Sources */,
				62015CD223EF205100673EBB /* CreateTopicRequest.swift in Sources */,
				7DDD22FB2442086900989A3E /* UsersViewController.swift in Sources */,
				7DC729BF24368E340097F37E /* CategoriesRequest.swift in Sources */,
				7DDD22F7244207DA00989A3E /* UsersCoordinator.swift in Sources */,
				62015CC223EF0FA000673EBB /* TopicDetailViewController.swift in Sources */,
				62015CDD23EF302900673EBB /* CategoriesViewController.swift in Sources */,
				627DC5C823E60384006D8615 /* TopicsDataManager.swift in Sources */,
				627DC5C023E5F7B3006D8615 /* AppCoordinator.swift in Sources */,
				62A697A823E89E6700CCEA3E /* DiscourseClientLocalDataManagerImpl.swift in Sources */,
				7DDD230D24420CD900989A3E /* GetUsersResponse.swift in Sources */,
				62015CD623EF21F600673EBB /* AddTopicDataManager.swift in Sources */,
				7DDEAA30247C412700EDFFB0 /* UsersCollectionViewCell.swift in Sources */,
				7D03D94024422571000E8C05 /* UserCell.swift in Sources */,
				627DC5D923E60727006D8615 /* APIRequest.swift in Sources */,
				62015CD023EF1F6800673EBB /* AddTopicViewController.swift in Sources */,
				627DC5A923E5F580006D8615 /* AppDelegate.swift in Sources */,
				7DDEAA332480EC7C00EDFFB0 /* UIColor+Additions.swift in Sources */,
				62015CB723EF04C200673EBB /* TopicCellViewModel.swift in Sources */,
				7DC729C72437B1700097F37E /* CategoriesDataManager.swift in Sources */,
				7DDD230724420B8100989A3E /* UserDetailViewController.swift in Sources */,
				627DC5D823E60727006D8615 /* SessionAPI.swift in Sources */,
				627DC5D123E604E7006D8615 /* DiscourseClientLocalDataManager.swift in Sources */,
				7DDD22F3243CD43300989A3E /* DeleteTopicResponse.swift in Sources */,
				627DC5AB23E5F580006D8615 /* SceneDelegate.swift in Sources */,
				627DC5CD23E6048A006D8615 /* DiscourseClientDataManager.swift in Sources */,
			);
			runOnlyForDeploymentPostprocessing = 0;
		};
/* End PBXSourcesBuildPhase section */

/* Begin PBXVariantGroup section */
		627DC5B323E5F581006D8615 /* LaunchScreen.storyboard */ = {
			isa = PBXVariantGroup;
			children = (
				627DC5B423E5F581006D8615 /* Base */,
			);
			name = LaunchScreen.storyboard;
			sourceTree = "<group>";
		};
/* End PBXVariantGroup section */

/* Begin XCBuildConfiguration section */
		627DC5B723E5F581006D8615 /* Debug */ = {
			isa = XCBuildConfiguration;
			buildSettings = {
				ALWAYS_SEARCH_USER_PATHS = NO;
				CLANG_ANALYZER_NONNULL = YES;
				CLANG_ANALYZER_NUMBER_OBJECT_CONVERSION = YES_AGGRESSIVE;
				CLANG_CXX_LANGUAGE_STANDARD = "gnu++14";
				CLANG_CXX_LIBRARY = "libc++";
				CLANG_ENABLE_MODULES = YES;
				CLANG_ENABLE_OBJC_ARC = YES;
				CLANG_ENABLE_OBJC_WEAK = YES;
				CLANG_WARN_BLOCK_CAPTURE_AUTORELEASING = YES;
				CLANG_WARN_BOOL_CONVERSION = YES;
				CLANG_WARN_COMMA = YES;
				CLANG_WARN_CONSTANT_CONVERSION = YES;
				CLANG_WARN_DEPRECATED_OBJC_IMPLEMENTATIONS = YES;
				CLANG_WARN_DIRECT_OBJC_ISA_USAGE = YES_ERROR;
				CLANG_WARN_DOCUMENTATION_COMMENTS = YES;
				CLANG_WARN_EMPTY_BODY = YES;
				CLANG_WARN_ENUM_CONVERSION = YES;
				CLANG_WARN_INFINITE_RECURSION = YES;
				CLANG_WARN_INT_CONVERSION = YES;
				CLANG_WARN_NON_LITERAL_NULL_CONVERSION = YES;
				CLANG_WARN_OBJC_IMPLICIT_RETAIN_SELF = YES;
				CLANG_WARN_OBJC_LITERAL_CONVERSION = YES;
				CLANG_WARN_OBJC_ROOT_CLASS = YES_ERROR;
				CLANG_WARN_RANGE_LOOP_ANALYSIS = YES;
				CLANG_WARN_STRICT_PROTOTYPES = YES;
				CLANG_WARN_SUSPICIOUS_MOVE = YES;
				CLANG_WARN_UNGUARDED_AVAILABILITY = YES_AGGRESSIVE;
				CLANG_WARN_UNREACHABLE_CODE = YES;
				CLANG_WARN__DUPLICATE_METHOD_MATCH = YES;
				COPY_PHASE_STRIP = NO;
				DEBUG_INFORMATION_FORMAT = dwarf;
				ENABLE_STRICT_OBJC_MSGSEND = YES;
				ENABLE_TESTABILITY = YES;
				GCC_C_LANGUAGE_STANDARD = gnu11;
				GCC_DYNAMIC_NO_PIC = NO;
				GCC_NO_COMMON_BLOCKS = YES;
				GCC_OPTIMIZATION_LEVEL = 0;
				GCC_PREPROCESSOR_DEFINITIONS = (
					"DEBUG=1",
					"$(inherited)",
				);
				GCC_WARN_64_TO_32_BIT_CONVERSION = YES;
				GCC_WARN_ABOUT_RETURN_TYPE = YES_ERROR;
				GCC_WARN_UNDECLARED_SELECTOR = YES;
				GCC_WARN_UNINITIALIZED_AUTOS = YES_AGGRESSIVE;
				GCC_WARN_UNUSED_FUNCTION = YES;
				GCC_WARN_UNUSED_VARIABLE = YES;
				IPHONEOS_DEPLOYMENT_TARGET = 13.2;
				MTL_ENABLE_DEBUG_INFO = INCLUDE_SOURCE;
				MTL_FAST_MATH = YES;
				ONLY_ACTIVE_ARCH = YES;
				SDKROOT = iphoneos;
				SWIFT_ACTIVE_COMPILATION_CONDITIONS = DEBUG;
				SWIFT_OPTIMIZATION_LEVEL = "-Onone";
			};
			name = Debug;
		};
		627DC5B823E5F581006D8615 /* Release */ = {
			isa = XCBuildConfiguration;
			buildSettings = {
				ALWAYS_SEARCH_USER_PATHS = NO;
				CLANG_ANALYZER_NONNULL = YES;
				CLANG_ANALYZER_NUMBER_OBJECT_CONVERSION = YES_AGGRESSIVE;
				CLANG_CXX_LANGUAGE_STANDARD = "gnu++14";
				CLANG_CXX_LIBRARY = "libc++";
				CLANG_ENABLE_MODULES = YES;
				CLANG_ENABLE_OBJC_ARC = YES;
				CLANG_ENABLE_OBJC_WEAK = YES;
				CLANG_WARN_BLOCK_CAPTURE_AUTORELEASING = YES;
				CLANG_WARN_BOOL_CONVERSION = YES;
				CLANG_WARN_COMMA = YES;
				CLANG_WARN_CONSTANT_CONVERSION = YES;
				CLANG_WARN_DEPRECATED_OBJC_IMPLEMENTATIONS = YES;
				CLANG_WARN_DIRECT_OBJC_ISA_USAGE = YES_ERROR;
				CLANG_WARN_DOCUMENTATION_COMMENTS = YES;
				CLANG_WARN_EMPTY_BODY = YES;
				CLANG_WARN_ENUM_CONVERSION = YES;
				CLANG_WARN_INFINITE_RECURSION = YES;
				CLANG_WARN_INT_CONVERSION = YES;
				CLANG_WARN_NON_LITERAL_NULL_CONVERSION = YES;
				CLANG_WARN_OBJC_IMPLICIT_RETAIN_SELF = YES;
				CLANG_WARN_OBJC_LITERAL_CONVERSION = YES;
				CLANG_WARN_OBJC_ROOT_CLASS = YES_ERROR;
				CLANG_WARN_RANGE_LOOP_ANALYSIS = YES;
				CLANG_WARN_STRICT_PROTOTYPES = YES;
				CLANG_WARN_SUSPICIOUS_MOVE = YES;
				CLANG_WARN_UNGUARDED_AVAILABILITY = YES_AGGRESSIVE;
				CLANG_WARN_UNREACHABLE_CODE = YES;
				CLANG_WARN__DUPLICATE_METHOD_MATCH = YES;
				COPY_PHASE_STRIP = NO;
				DEBUG_INFORMATION_FORMAT = "dwarf-with-dsym";
				ENABLE_NS_ASSERTIONS = NO;
				ENABLE_STRICT_OBJC_MSGSEND = YES;
				GCC_C_LANGUAGE_STANDARD = gnu11;
				GCC_NO_COMMON_BLOCKS = YES;
				GCC_WARN_64_TO_32_BIT_CONVERSION = YES;
				GCC_WARN_ABOUT_RETURN_TYPE = YES_ERROR;
				GCC_WARN_UNDECLARED_SELECTOR = YES;
				GCC_WARN_UNINITIALIZED_AUTOS = YES_AGGRESSIVE;
				GCC_WARN_UNUSED_FUNCTION = YES;
				GCC_WARN_UNUSED_VARIABLE = YES;
				IPHONEOS_DEPLOYMENT_TARGET = 13.2;
				MTL_ENABLE_DEBUG_INFO = NO;
				MTL_FAST_MATH = YES;
				SDKROOT = iphoneos;
				SWIFT_COMPILATION_MODE = wholemodule;
				SWIFT_OPTIMIZATION_LEVEL = "-O";
				VALIDATE_PRODUCT = YES;
			};
			name = Release;
		};
		627DC5BA23E5F581006D8615 /* Debug */ = {
			isa = XCBuildConfiguration;
			buildSettings = {
				ASSETCATALOG_COMPILER_APPICON_NAME = AppIcon;
				CODE_SIGN_STYLE = Automatic;
				DEVELOPMENT_TEAM = 6PBG234246;
				INFOPLIST_FILE = DiscourseClient/Info.plist;
				LD_RUNPATH_SEARCH_PATHS = (
					"$(inherited)",
					"@executable_path/Frameworks",
				);
				PRODUCT_BUNDLE_IDENTIFIER = com.irakai.DiscourseClient;
				PRODUCT_NAME = "$(TARGET_NAME)";
				SWIFT_VERSION = 5.0;
				TARGETED_DEVICE_FAMILY = "1,2";
			};
			name = Debug;
		};
		627DC5BB23E5F581006D8615 /* Release */ = {
			isa = XCBuildConfiguration;
			buildSettings = {
				ASSETCATALOG_COMPILER_APPICON_NAME = AppIcon;
				CODE_SIGN_STYLE = Automatic;
				DEVELOPMENT_TEAM = 6PBG234246;
				INFOPLIST_FILE = DiscourseClient/Info.plist;
				LD_RUNPATH_SEARCH_PATHS = (
					"$(inherited)",
					"@executable_path/Frameworks",
				);
				PRODUCT_BUNDLE_IDENTIFIER = com.irakai.DiscourseClient;
				PRODUCT_NAME = "$(TARGET_NAME)";
				SWIFT_VERSION = 5.0;
				TARGETED_DEVICE_FAMILY = "1,2";
			};
			name = Release;
		};
/* End XCBuildConfiguration section */

/* Begin XCConfigurationList section */
		627DC5A023E5F580006D8615 /* Build configuration list for PBXProject "DiscourseClient" */ = {
			isa = XCConfigurationList;
			buildConfigurations = (
				627DC5B723E5F581006D8615 /* Debug */,
				627DC5B823E5F581006D8615 /* Release */,
			);
			defaultConfigurationIsVisible = 0;
			defaultConfigurationName = Release;
		};
		627DC5B923E5F581006D8615 /* Build configuration list for PBXNativeTarget "DiscourseClient" */ = {
			isa = XCConfigurationList;
			buildConfigurations = (
				627DC5BA23E5F581006D8615 /* Debug */,
				627DC5BB23E5F581006D8615 /* Release */,
			);
			defaultConfigurationIsVisible = 0;
			defaultConfigurationName = Release;
		};
/* End XCConfigurationList section */
	};
	rootObject = 627DC59D23E5F580006D8615 /* Project object */;
}
